# Component lockfile for ESP-IDF build
# Format: name | url | commit | tree

arduino | https://github.com/espressif/arduino-esp32.git | 11bc7ac1a458f1f4e7afc8fd4de1dfa710f31562 | 6dab897de8b9905934f001d48a1607ac8e1d2b79

eModbus | https://github.com/eModbus/eModbus.git | ed343224827600409e4d57e77e60b73ff9c22f1a | adcc2926b8cdce560b7d26fee6604bf44f152b57
Uptime | https://github.com/yiannisbourkelis/Uptime-Library.git | fa29a94f5664b70175eadd79f8aaf1464a966dc5 | cc0f90ababfb867db50d67cafffcea746369f078

joltwallet__littlefs | https://github.com/joltwallet/esp_littlefs.git | 92ac3c2dce8c62c4b47bdb33e8461a4670411475 | 0626777cbbe716ebea88e277f3a93acaa73ee9ec
littlefs | https://github.com/littlefs-project/littlefs.git | adad0fbbcf5382c20978d07f94f9c13be9041c1b | bc0861eb72ed11924918ec2172b5655da7066218
